
Microsoft Visual Studio Solution File, Format Version 12.00
# Visual Studio Version 16
VisualStudioVersion = 16.0.30204.135
MinimumVisualStudioVersion = 10.0.40219.1
Project("{FAE04EC0-301F-11D3-BF4B-00C04F79EFBC}") = "Shooting Game", "Shooting Game\Shooting Game.csproj", "{D3DFC23C-0944-43C2-9831-6D7D4C6DE578}"
EndProject
Project("{FAE04EC0-301F-11D3-BF4B-00C04F79EFBC}") = "UnitTestProject1", "UnitTestProject1\UnitTestProject1.csproj", "{4845DD58-ABD1-4C7D-9929-F71DE4ADF4C7}"
EndProject
Global
	GlobalSection(SolutionConfigurationPlatforms) = preSolution
		Debug|Any CPU = Debug|Any CPU
		Release|Any CPU = Release|Any CPU
	EndGlobalSection
	GlobalSection(ProjectConfigurationPlatforms) = postSolution
		{D3DFC23C-0944-43C2-9831-6D7D4C6DE578}.Debug|Any CPU.ActiveCfg = Debug|Any CPU
		{D3DFC23C-0944-43C2-9831-6D7D4C6DE578}.Debug|Any CPU.Build.0 = Debug|Any CPU
		{D3DFC23C-0944-43C2-9831-6D7D4C6DE578}.Release|Any CPU.ActiveCfg = Release|Any CPU
		{D3DFC23C-0944-43C2-9831-6D7D4C6DE578}.Release|Any CPU.Build.0 = Release|Any CPU
		{4845DD58-ABD1-4C7D-9929-F71DE4ADF4C7}.Debug|Any CPU.ActiveCfg = Debug|Any CPU
		{4845DD58-ABD1-4C7D-9929-F71DE4ADF4C7}.Debug|Any CPU.Build.0 = Debug|Any CPU
		{4845DD58-ABD1-4C7D-9929-F71DE4ADF4C7}.Release|Any CPU.ActiveCfg = Release|Any CPU
		{4845DD58-ABD1-4C7D-9929-F71DE4ADF4C7}.Release|Any CPU.Build.0 = Release|Any CPU
	EndGlobalSection
	GlobalSection(SolutionProperties) = preSolution
		HideSolutionNode = FALSE
	EndGlobalSection
	GlobalSection(ExtensibilityGlobals) = postSolution
		SolutionGuid = {FA54FF3D-12C5-4CDC-81EB-D8B71EA89671}
	EndGlobalSection
EndGlobal
